
Microsoft Visual Studio Solution File, Format Version 12.00
# Visual Studio Version 17
VisualStudioVersion = 17.8.34511.84
MinimumVisualStudioVersion = 10.0.40219.1
Project("{FAE04EC0-301F-11D3-BF4B-00C04F79EFBC}") = "CMCS", "WpfApp3\CMCS.csproj", "{65165D47-78AE-4BEA-9541-C4228442A6E4}"
EndProject
Global
	GlobalSection(SolutionConfigurationPlatforms) = preSolution
		Debug|Any CPU = Debug|Any CPU
		Release|Any CPU = Release|Any CPU
	EndGlobalSection
	GlobalSection(ProjectConfigurationPlatforms) = postSolution
		{65165D47-78AE-4BEA-9541-C4228442A6E4}.Debug|Any CPU.ActiveCfg = Debug|Any CPU
		{65165D47-78AE-4BEA-9541-C4228442A6E4}.Debug|Any CPU.Build.0 = Debug|Any CPU
		{65165D47-78AE-4BEA-9541-C4228442A6E4}.Release|Any CPU.ActiveCfg = Release|Any CPU
		{65165D47-78AE-4BEA-9541-C4228442A6E4}.Release|Any CPU.Build.0 = Release|Any CPU
	EndGlobalSection
	GlobalSection(SolutionProperties) = preSolution
		HideSolutionNode = FALSE
	EndGlobalSection
	GlobalSection(ExtensibilityGlobals) = postSolution
		SolutionGuid = {AD18077C-7802-4E4A-B81A-E5063DD35CB9}
	EndGlobalSection
EndGlobal
